
Microsoft Visual Studio Solution File, Format Version 12.00
# Visual Studio 14
VisualStudioVersion = 14.0.24720.0
MinimumVisualStudioVersion = 10.0.40219.1
Project("{FAE04EC0-301F-11D3-BF4B-00C04F79EFBC}") = "WoWMap", "WoWMap\WoWMap.csproj", "{13E48410-4D2D-4196-B013-0E84A5652E83}"
EndProject
Project("{FAE04EC0-301F-11D3-BF4B-00C04F79EFBC}") = "WoWMapParser", "WoWMapParser\WoWMapParser.csproj", "{FBD21E41-3D77-444A-BCE6-FE16FDDADC3B}"
EndProject
Project("{FAE04EC0-301F-11D3-BF4B-00C04F79EFBC}") = "WoWMapRenderer", "WoWMapRenderer\WoWMapRenderer.csproj", "{3D3B0623-A8E6-4041-98AC-EF655D553B6B}"
EndProject
Project("{FAE04EC0-301F-11D3-BF4B-00C04F79EFBC}") = "CascLib", "CASCExplorer\CascLib\CascLib.csproj", "{E08E1E48-6585-4137-8405-661C62C10713}"
EndProject
Project("{FAE04EC0-301F-11D3-BF4B-00C04F79EFBC}") = "WoWMapRenderExportTester", "WoWMapRenderExportTester\WoWMapRenderExportTester.csproj", "{B3A3CD13-37BB-4E38-8611-BC5F65BCA665}"
EndProject
Global
	GlobalSection(SolutionConfigurationPlatforms) = preSolution
		Debug|Any CPU = Debug|Any CPU
		Debug|x64 = Debug|x64
		Debug|x86 = Debug|x86
		MonoGame|Any CPU = MonoGame|Any CPU
		MonoGame|x64 = MonoGame|x64
		MonoGame|x86 = MonoGame|x86
		OpenTK|Any CPU = OpenTK|Any CPU
		OpenTK|x64 = OpenTK|x64
		OpenTK|x86 = OpenTK|x86
		Release|Any CPU = Release|Any CPU
		Release|x64 = Release|x64
		Release|x86 = Release|x86
		SharpDX|Any CPU = SharpDX|Any CPU
		SharpDX|x64 = SharpDX|x64
		SharpDX|x86 = SharpDX|x86
		Standalone|Any CPU = Standalone|Any CPU
		Standalone|x64 = Standalone|x64
		Standalone|x86 = Standalone|x86
		Unity3D|Any CPU = Unity3D|Any CPU
		Unity3D|x64 = Unity3D|x64
		Unity3D|x86 = Unity3D|x86
		XNA|Any CPU = XNA|Any CPU
		XNA|x64 = XNA|x64
		XNA|x86 = XNA|x86
	EndGlobalSection
	GlobalSection(ProjectConfigurationPlatforms) = postSolution
		{13E48410-4D2D-4196-B013-0E84A5652E83}.Debug|Any CPU.ActiveCfg = Debug|Any CPU
		{13E48410-4D2D-4196-B013-0E84A5652E83}.Debug|Any CPU.Build.0 = Debug|Any CPU
		{13E48410-4D2D-4196-B013-0E84A5652E83}.Debug|x64.ActiveCfg = Debug|x64
		{13E48410-4D2D-4196-B013-0E84A5652E83}.Debug|x64.Build.0 = Debug|x64
		{13E48410-4D2D-4196-B013-0E84A5652E83}.Debug|x86.ActiveCfg = Debug|x86
		{13E48410-4D2D-4196-B013-0E84A5652E83}.Debug|x86.Build.0 = Debug|x86
		{13E48410-4D2D-4196-B013-0E84A5652E83}.MonoGame|Any CPU.ActiveCfg = Release|Any CPU
		{13E48410-4D2D-4196-B013-0E84A5652E83}.MonoGame|Any CPU.Build.0 = Release|Any CPU
		{13E48410-4D2D-4196-B013-0E84A5652E83}.MonoGame|x64.ActiveCfg = Release|x64
		{13E48410-4D2D-4196-B013-0E84A5652E83}.MonoGame|x64.Build.0 = Release|x64
		{13E48410-4D2D-4196-B013-0E84A5652E83}.MonoGame|x86.ActiveCfg = Release|x86
		{13E48410-4D2D-4196-B013-0E84A5652E83}.MonoGame|x86.Build.0 = Release|x86
		{13E48410-4D2D-4196-B013-0E84A5652E83}.OpenTK|Any CPU.ActiveCfg = Release|Any CPU
		{13E48410-4D2D-4196-B013-0E84A5652E83}.OpenTK|Any CPU.Build.0 = Release|Any CPU
		{13E48410-4D2D-4196-B013-0E84A5652E83}.OpenTK|x64.ActiveCfg = Release|x64
		{13E48410-4D2D-4196-B013-0E84A5652E83}.OpenTK|x64.Build.0 = Release|x64
		{13E48410-4D2D-4196-B013-0E84A5652E83}.OpenTK|x86.ActiveCfg = Release|x86
		{13E48410-4D2D-4196-B013-0E84A5652E83}.OpenTK|x86.Build.0 = Release|x86
		{13E48410-4D2D-4196-B013-0E84A5652E83}.Release|Any CPU.ActiveCfg = Release|Any CPU
		{13E48410-4D2D-4196-B013-0E84A5652E83}.Release|Any CPU.Build.0 = Release|Any CPU
		{13E48410-4D2D-4196-B013-0E84A5652E83}.Release|x64.ActiveCfg = Release|x64
		{13E48410-4D2D-4196-B013-0E84A5652E83}.Release|x64.Build.0 = Release|x64
		{13E48410-4D2D-4196-B013-0E84A5652E83}.Release|x86.ActiveCfg = Release|x86
		{13E48410-4D2D-4196-B013-0E84A5652E83}.Release|x86.Build.0 = Release|x86
		{13E48410-4D2D-4196-B013-0E84A5652E83}.SharpDX|Any CPU.ActiveCfg = Release|Any CPU
		{13E48410-4D2D-4196-B013-0E84A5652E83}.SharpDX|Any CPU.Build.0 = Release|Any CPU
		{13E48410-4D2D-4196-B013-0E84A5652E83}.SharpDX|x64.ActiveCfg = Release|x64
		{13E48410-4D2D-4196-B013-0E84A5652E83}.SharpDX|x64.Build.0 = Release|x64
		{13E48410-4D2D-4196-B013-0E84A5652E83}.SharpDX|x86.ActiveCfg = Release|x86
		{13E48410-4D2D-4196-B013-0E84A5652E83}.SharpDX|x86.Build.0 = Release|x86
		{13E48410-4D2D-4196-B013-0E84A5652E83}.Standalone|Any CPU.ActiveCfg = Release|Any CPU
		{13E48410-4D2D-4196-B013-0E84A5652E83}.Standalone|Any CPU.Build.0 = Release|Any CPU
		{13E48410-4D2D-4196-B013-0E84A5652E83}.Standalone|x64.ActiveCfg = Release|x64
		{13E48410-4D2D-4196-B013-0E84A5652E83}.Standalone|x64.Build.0 = Release|x64
		{13E48410-4D2D-4196-B013-0E84A5652E83}.Standalone|x86.ActiveCfg = Release|x86
		{13E48410-4D2D-4196-B013-0E84A5652E83}.Standalone|x86.Build.0 = Release|x86
		{13E48410-4D2D-4196-B013-0E84A5652E83}.Unity3D|Any CPU.ActiveCfg = Release|Any CPU
		{13E48410-4D2D-4196-B013-0E84A5652E83}.Unity3D|Any CPU.Build.0 = Release|Any CPU
		{13E48410-4D2D-4196-B013-0E84A5652E83}.Unity3D|x64.ActiveCfg = Release|x64
		{13E48410-4D2D-4196-B013-0E84A5652E83}.Unity3D|x64.Build.0 = Release|x64
		{13E48410-4D2D-4196-B013-0E84A5652E83}.Unity3D|x86.ActiveCfg = Release|x86
		{13E48410-4D2D-4196-B013-0E84A5652E83}.Unity3D|x86.Build.0 = Release|x86
		{13E48410-4D2D-4196-B013-0E84A5652E83}.XNA|Any CPU.ActiveCfg = Release|Any CPU
		{13E48410-4D2D-4196-B013-0E84A5652E83}.XNA|Any CPU.Build.0 = Release|Any CPU
		{13E48410-4D2D-4196-B013-0E84A5652E83}.XNA|x64.ActiveCfg = Release|x64
		{13E48410-4D2D-4196-B013-0E84A5652E83}.XNA|x64.Build.0 = Release|x64
		{13E48410-4D2D-4196-B013-0E84A5652E83}.XNA|x86.ActiveCfg = Release|x86
		{13E48410-4D2D-4196-B013-0E84A5652E83}.XNA|x86.Build.0 = Release|x86
		{FBD21E41-3D77-444A-BCE6-FE16FDDADC3B}.Debug|Any CPU.ActiveCfg = Debug|Any CPU
		{FBD21E41-3D77-444A-BCE6-FE16FDDADC3B}.Debug|Any CPU.Build.0 = Debug|Any CPU
		{FBD21E41-3D77-444A-BCE6-FE16FDDADC3B}.Debug|x64.ActiveCfg = Debug|x64
		{FBD21E41-3D77-444A-BCE6-FE16FDDADC3B}.Debug|x64.Build.0 = Debug|x64
		{FBD21E41-3D77-444A-BCE6-FE16FDDADC3B}.Debug|x86.ActiveCfg = Debug|x86
		{FBD21E41-3D77-444A-BCE6-FE16FDDADC3B}.Debug|x86.Build.0 = Debug|x86
		{FBD21E41-3D77-444A-BCE6-FE16FDDADC3B}.MonoGame|Any CPU.ActiveCfg = Release|Any CPU
		{FBD21E41-3D77-444A-BCE6-FE16FDDADC3B}.MonoGame|Any CPU.Build.0 = Release|Any CPU
		{FBD21E41-3D77-444A-BCE6-FE16FDDADC3B}.MonoGame|x64.ActiveCfg = Release|x64
		{FBD21E41-3D77-444A-BCE6-FE16FDDADC3B}.MonoGame|x64.Build.0 = Release|x64
		{FBD21E41-3D77-444A-BCE6-FE16FDDADC3B}.MonoGame|x86.ActiveCfg = Release|x86
		{FBD21E41-3D77-444A-BCE6-FE16FDDADC3B}.MonoGame|x86.Build.0 = Release|x86
		{FBD21E41-3D77-444A-BCE6-FE16FDDADC3B}.OpenTK|Any CPU.ActiveCfg = Release|Any CPU
		{FBD21E41-3D77-444A-BCE6-FE16FDDADC3B}.OpenTK|Any CPU.Build.0 = Release|Any CPU
		{FBD21E41-3D77-444A-BCE6-FE16FDDADC3B}.OpenTK|x64.ActiveCfg = Release|x64
		{FBD21E41-3D77-444A-BCE6-FE16FDDADC3B}.OpenTK|x64.Build.0 = Release|x64
		{FBD21E41-3D77-444A-BCE6-FE16FDDADC3B}.OpenTK|x86.ActiveCfg = Release|x86
		{FBD21E41-3D77-444A-BCE6-FE16FDDADC3B}.OpenTK|x86.Build.0 = Release|x86
		{FBD21E41-3D77-444A-BCE6-FE16FDDADC3B}.Release|Any CPU.ActiveCfg = Release|Any CPU
		{FBD21E41-3D77-444A-BCE6-FE16FDDADC3B}.Release|Any CPU.Build.0 = Release|Any CPU
		{FBD21E41-3D77-444A-BCE6-FE16FDDADC3B}.Release|x64.ActiveCfg = Release|x64
		{FBD21E41-3D77-444A-BCE6-FE16FDDADC3B}.Release|x64.Build.0 = Release|x64
		{FBD21E41-3D77-444A-BCE6-FE16FDDADC3B}.Release|x86.ActiveCfg = Release|x86
		{FBD21E41-3D77-444A-BCE6-FE16FDDADC3B}.Release|x86.Build.0 = Release|x86
		{FBD21E41-3D77-444A-BCE6-FE16FDDADC3B}.SharpDX|Any CPU.ActiveCfg = Release|Any CPU
		{FBD21E41-3D77-444A-BCE6-FE16FDDADC3B}.SharpDX|Any CPU.Build.0 = Release|Any CPU
		{FBD21E41-3D77-444A-BCE6-FE16FDDADC3B}.SharpDX|x64.ActiveCfg = Release|x64
		{FBD21E41-3D77-444A-BCE6-FE16FDDADC3B}.SharpDX|x64.Build.0 = Release|x64
		{FBD21E41-3D77-444A-BCE6-FE16FDDADC3B}.SharpDX|x86.ActiveCfg = Release|x86
		{FBD21E41-3D77-444A-BCE6-FE16FDDADC3B}.SharpDX|x86.Build.0 = Release|x86
		{FBD21E41-3D77-444A-BCE6-FE16FDDADC3B}.Standalone|Any CPU.ActiveCfg = Release|Any CPU
		{FBD21E41-3D77-444A-BCE6-FE16FDDADC3B}.Standalone|Any CPU.Build.0 = Release|Any CPU
		{FBD21E41-3D77-444A-BCE6-FE16FDDADC3B}.Standalone|x64.ActiveCfg = Release|x64
		{FBD21E41-3D77-444A-BCE6-FE16FDDADC3B}.Standalone|x64.Build.0 = Release|x64
		{FBD21E41-3D77-444A-BCE6-FE16FDDADC3B}.Standalone|x86.ActiveCfg = Release|x86
		{FBD21E41-3D77-444A-BCE6-FE16FDDADC3B}.Standalone|x86.Build.0 = Release|x86
		{FBD21E41-3D77-444A-BCE6-FE16FDDADC3B}.Unity3D|Any CPU.ActiveCfg = Release|Any CPU
		{FBD21E41-3D77-444A-BCE6-FE16FDDADC3B}.Unity3D|Any CPU.Build.0 = Release|Any CPU
		{FBD21E41-3D77-444A-BCE6-FE16FDDADC3B}.Unity3D|x64.ActiveCfg = Release|x64
		{FBD21E41-3D77-444A-BCE6-FE16FDDADC3B}.Unity3D|x64.Build.0 = Release|x64
		{FBD21E41-3D77-444A-BCE6-FE16FDDADC3B}.Unity3D|x86.ActiveCfg = Release|x86
		{FBD21E41-3D77-444A-BCE6-FE16FDDADC3B}.Unity3D|x86.Build.0 = Release|x86
		{FBD21E41-3D77-444A-BCE6-FE16FDDADC3B}.XNA|Any CPU.ActiveCfg = Release|Any CPU
		{FBD21E41-3D77-444A-BCE6-FE16FDDADC3B}.XNA|Any CPU.Build.0 = Release|Any CPU
		{FBD21E41-3D77-444A-BCE6-FE16FDDADC3B}.XNA|x64.ActiveCfg = Release|x64
		{FBD21E41-3D77-444A-BCE6-FE16FDDADC3B}.XNA|x64.Build.0 = Release|x64
		{FBD21E41-3D77-444A-BCE6-FE16FDDADC3B}.XNA|x86.ActiveCfg = Release|x86
		{FBD21E41-3D77-444A-BCE6-FE16FDDADC3B}.XNA|x86.Build.0 = Release|x86
		{3D3B0623-A8E6-4041-98AC-EF655D553B6B}.Debug|Any CPU.ActiveCfg = Debug|Any CPU
		{3D3B0623-A8E6-4041-98AC-EF655D553B6B}.Debug|Any CPU.Build.0 = Debug|Any CPU
		{3D3B0623-A8E6-4041-98AC-EF655D553B6B}.Debug|x64.ActiveCfg = Debug|x64
		{3D3B0623-A8E6-4041-98AC-EF655D553B6B}.Debug|x64.Build.0 = Debug|x64
		{3D3B0623-A8E6-4041-98AC-EF655D553B6B}.Debug|x86.ActiveCfg = Debug|x86
		{3D3B0623-A8E6-4041-98AC-EF655D553B6B}.Debug|x86.Build.0 = Debug|x86
		{3D3B0623-A8E6-4041-98AC-EF655D553B6B}.MonoGame|Any CPU.ActiveCfg = Release|Any CPU
		{3D3B0623-A8E6-4041-98AC-EF655D553B6B}.MonoGame|Any CPU.Build.0 = Release|Any CPU
		{3D3B0623-A8E6-4041-98AC-EF655D553B6B}.MonoGame|x64.ActiveCfg = Release|x64
		{3D3B0623-A8E6-4041-98AC-EF655D553B6B}.MonoGame|x64.Build.0 = Release|x64
		{3D3B0623-A8E6-4041-98AC-EF655D553B6B}.MonoGame|x86.ActiveCfg = Release|x86
		{3D3B0623-A8E6-4041-98AC-EF655D553B6B}.MonoGame|x86.Build.0 = Release|x86
		{3D3B0623-A8E6-4041-98AC-EF655D553B6B}.OpenTK|Any CPU.ActiveCfg = Release|Any CPU
		{3D3B0623-A8E6-4041-98AC-EF655D553B6B}.OpenTK|Any CPU.Build.0 = Release|Any CPU
		{3D3B0623-A8E6-4041-98AC-EF655D553B6B}.OpenTK|x64.ActiveCfg = Release|x64
		{3D3B0623-A8E6-4041-98AC-EF655D553B6B}.OpenTK|x64.Build.0 = Release|x64
		{3D3B0623-A8E6-4041-98AC-EF655D553B6B}.OpenTK|x86.ActiveCfg = Release|x86
		{3D3B0623-A8E6-4041-98AC-EF655D553B6B}.OpenTK|x86.Build.0 = Release|x86
		{3D3B0623-A8E6-4041-98AC-EF655D553B6B}.Release|Any CPU.ActiveCfg = Release|Any CPU
		{3D3B0623-A8E6-4041-98AC-EF655D553B6B}.Release|Any CPU.Build.0 = Release|Any CPU
		{3D3B0623-A8E6-4041-98AC-EF655D553B6B}.Release|x64.ActiveCfg = Release|x64
		{3D3B0623-A8E6-4041-98AC-EF655D553B6B}.Release|x64.Build.0 = Release|x64
		{3D3B0623-A8E6-4041-98AC-EF655D553B6B}.Release|x86.ActiveCfg = Release|x86
		{3D3B0623-A8E6-4041-98AC-EF655D553B6B}.Release|x86.Build.0 = Release|x86
		{3D3B0623-A8E6-4041-98AC-EF655D553B6B}.SharpDX|Any CPU.ActiveCfg = Release|Any CPU
		{3D3B0623-A8E6-4041-98AC-EF655D553B6B}.SharpDX|Any CPU.Build.0 = Release|Any CPU
		{3D3B0623-A8E6-4041-98AC-EF655D553B6B}.SharpDX|x64.ActiveCfg = Release|x64
		{3D3B0623-A8E6-4041-98AC-EF655D553B6B}.SharpDX|x64.Build.0 = Release|x64
		{3D3B0623-A8E6-4041-98AC-EF655D553B6B}.SharpDX|x86.ActiveCfg = Release|x86
		{3D3B0623-A8E6-4041-98AC-EF655D553B6B}.SharpDX|x86.Build.0 = Release|x86
		{3D3B0623-A8E6-4041-98AC-EF655D553B6B}.Standalone|Any CPU.ActiveCfg = Release|Any CPU
		{3D3B0623-A8E6-4041-98AC-EF655D553B6B}.Standalone|Any CPU.Build.0 = Release|Any CPU
		{3D3B0623-A8E6-4041-98AC-EF655D553B6B}.Standalone|x64.ActiveCfg = Release|x64
		{3D3B0623-A8E6-4041-98AC-EF655D553B6B}.Standalone|x64.Build.0 = Release|x64
		{3D3B0623-A8E6-4041-98AC-EF655D553B6B}.Standalone|x86.ActiveCfg = Release|x86
		{3D3B0623-A8E6-4041-98AC-EF655D553B6B}.Standalone|x86.Build.0 = Release|x86
		{3D3B0623-A8E6-4041-98AC-EF655D553B6B}.Unity3D|Any CPU.ActiveCfg = Release|Any CPU
		{3D3B0623-A8E6-4041-98AC-EF655D553B6B}.Unity3D|Any CPU.Build.0 = Release|Any CPU
		{3D3B0623-A8E6-4041-98AC-EF655D553B6B}.Unity3D|x64.ActiveCfg = Release|x64
		{3D3B0623-A8E6-4041-98AC-EF655D553B6B}.Unity3D|x64.Build.0 = Release|x64
		{3D3B0623-A8E6-4041-98AC-EF655D553B6B}.Unity3D|x86.ActiveCfg = Release|x86
		{3D3B0623-A8E6-4041-98AC-EF655D553B6B}.Unity3D|x86.Build.0 = Release|x86
		{3D3B0623-A8E6-4041-98AC-EF655D553B6B}.XNA|Any CPU.ActiveCfg = Release|Any CPU
		{3D3B0623-A8E6-4041-98AC-EF655D553B6B}.XNA|Any CPU.Build.0 = Release|Any CPU
		{3D3B0623-A8E6-4041-98AC-EF655D553B6B}.XNA|x64.ActiveCfg = Release|x64
		{3D3B0623-A8E6-4041-98AC-EF655D553B6B}.XNA|x64.Build.0 = Release|x64
		{3D3B0623-A8E6-4041-98AC-EF655D553B6B}.XNA|x86.ActiveCfg = Release|x86
		{3D3B0623-A8E6-4041-98AC-EF655D553B6B}.XNA|x86.Build.0 = Release|x86
		{E08E1E48-6585-4137-8405-661C62C10713}.Debug|Any CPU.ActiveCfg = Debug|Any CPU
		{E08E1E48-6585-4137-8405-661C62C10713}.Debug|Any CPU.Build.0 = Debug|Any CPU
		{E08E1E48-6585-4137-8405-661C62C10713}.Debug|x64.ActiveCfg = Debug|x64
		{E08E1E48-6585-4137-8405-661C62C10713}.Debug|x64.Build.0 = Debug|x64
		{E08E1E48-6585-4137-8405-661C62C10713}.Debug|x86.ActiveCfg = Debug|x86
		{E08E1E48-6585-4137-8405-661C62C10713}.Debug|x86.Build.0 = Debug|x86
		{E08E1E48-6585-4137-8405-661C62C10713}.MonoGame|Any CPU.ActiveCfg = Release|Any CPU
		{E08E1E48-6585-4137-8405-661C62C10713}.MonoGame|Any CPU.Build.0 = Release|Any CPU
		{E08E1E48-6585-4137-8405-661C62C10713}.MonoGame|x64.ActiveCfg = Release|x64
		{E08E1E48-6585-4137-8405-661C62C10713}.MonoGame|x64.Build.0 = Release|x64
		{E08E1E48-6585-4137-8405-661C62C10713}.MonoGame|x86.ActiveCfg = Release|x86
		{E08E1E48-6585-4137-8405-661C62C10713}.MonoGame|x86.Build.0 = Release|x86
		{E08E1E48-6585-4137-8405-661C62C10713}.OpenTK|Any CPU.ActiveCfg = Release|Any CPU
		{E08E1E48-6585-4137-8405-661C62C10713}.OpenTK|Any CPU.Build.0 = Release|Any CPU
		{E08E1E48-6585-4137-8405-661C62C10713}.OpenTK|x64.ActiveCfg = Release|x64
		{E08E1E48-6585-4137-8405-661C62C10713}.OpenTK|x64.Build.0 = Release|x64
		{E08E1E48-6585-4137-8405-661C62C10713}.OpenTK|x86.ActiveCfg = Release|x86
		{E08E1E48-6585-4137-8405-661C62C10713}.OpenTK|x86.Build.0 = Release|x86
		{E08E1E48-6585-4137-8405-661C62C10713}.Release|Any CPU.ActiveCfg = Release|Any CPU
		{E08E1E48-6585-4137-8405-661C62C10713}.Release|Any CPU.Build.0 = Release|Any CPU
		{E08E1E48-6585-4137-8405-661C62C10713}.Release|x64.ActiveCfg = Release|x64
		{E08E1E48-6585-4137-8405-661C62C10713}.Release|x64.Build.0 = Release|x64
		{E08E1E48-6585-4137-8405-661C62C10713}.Release|x86.ActiveCfg = Release|x86
		{E08E1E48-6585-4137-8405-661C62C10713}.Release|x86.Build.0 = Release|x86
		{E08E1E48-6585-4137-8405-661C62C10713}.SharpDX|Any CPU.ActiveCfg = Release|Any CPU
		{E08E1E48-6585-4137-8405-661C62C10713}.SharpDX|Any CPU.Build.0 = Release|Any CPU
		{E08E1E48-6585-4137-8405-661C62C10713}.SharpDX|x64.ActiveCfg = Release|x64
		{E08E1E48-6585-4137-8405-661C62C10713}.SharpDX|x64.Build.0 = Release|x64
		{E08E1E48-6585-4137-8405-661C62C10713}.SharpDX|x86.ActiveCfg = Release|x86
		{E08E1E48-6585-4137-8405-661C62C10713}.SharpDX|x86.Build.0 = Release|x86
		{E08E1E48-6585-4137-8405-661C62C10713}.Standalone|Any CPU.ActiveCfg = Release|Any CPU
		{E08E1E48-6585-4137-8405-661C62C10713}.Standalone|Any CPU.Build.0 = Release|Any CPU
		{E08E1E48-6585-4137-8405-661C62C10713}.Standalone|x64.ActiveCfg = Release|x64
		{E08E1E48-6585-4137-8405-661C62C10713}.Standalone|x64.Build.0 = Release|x64
		{E08E1E48-6585-4137-8405-661C62C10713}.Standalone|x86.ActiveCfg = Release|x86
		{E08E1E48-6585-4137-8405-661C62C10713}.Standalone|x86.Build.0 = Release|x86
		{E08E1E48-6585-4137-8405-661C62C10713}.Unity3D|Any CPU.ActiveCfg = Release|Any CPU
		{E08E1E48-6585-4137-8405-661C62C10713}.Unity3D|Any CPU.Build.0 = Release|Any CPU
		{E08E1E48-6585-4137-8405-661C62C10713}.Unity3D|x64.ActiveCfg = Release|x64
		{E08E1E48-6585-4137-8405-661C62C10713}.Unity3D|x64.Build.0 = Release|x64
		{E08E1E48-6585-4137-8405-661C62C10713}.Unity3D|x86.ActiveCfg = Release|x86
		{E08E1E48-6585-4137-8405-661C62C10713}.Unity3D|x86.Build.0 = Release|x86
		{E08E1E48-6585-4137-8405-661C62C10713}.XNA|Any CPU.ActiveCfg = Release|Any CPU
		{E08E1E48-6585-4137-8405-661C62C10713}.XNA|Any CPU.Build.0 = Release|Any CPU
		{E08E1E48-6585-4137-8405-661C62C10713}.XNA|x64.ActiveCfg = Release|x64
		{E08E1E48-6585-4137-8405-661C62C10713}.XNA|x64.Build.0 = Release|x64
		{E08E1E48-6585-4137-8405-661C62C10713}.XNA|x86.ActiveCfg = Release|x86
		{E08E1E48-6585-4137-8405-661C62C10713}.XNA|x86.Build.0 = Release|x86
		{B3A3CD13-37BB-4E38-8611-BC5F65BCA665}.Debug|Any CPU.ActiveCfg = Debug|Any CPU
		{B3A3CD13-37BB-4E38-8611-BC5F65BCA665}.Debug|Any CPU.Build.0 = Debug|Any CPU
		{B3A3CD13-37BB-4E38-8611-BC5F65BCA665}.Debug|x64.ActiveCfg = Debug|x64
		{B3A3CD13-37BB-4E38-8611-BC5F65BCA665}.Debug|x64.Build.0 = Debug|x64
		{B3A3CD13-37BB-4E38-8611-BC5F65BCA665}.Debug|x86.ActiveCfg = Debug|x86
		{B3A3CD13-37BB-4E38-8611-BC5F65BCA665}.Debug|x86.Build.0 = Debug|x86
		{B3A3CD13-37BB-4E38-8611-BC5F65BCA665}.MonoGame|Any CPU.ActiveCfg = Release|Any CPU
		{B3A3CD13-37BB-4E38-8611-BC5F65BCA665}.MonoGame|Any CPU.Build.0 = Release|Any CPU
		{B3A3CD13-37BB-4E38-8611-BC5F65BCA665}.MonoGame|x64.ActiveCfg = Release|x64
		{B3A3CD13-37BB-4E38-8611-BC5F65BCA665}.MonoGame|x64.Build.0 = Release|x64
		{B3A3CD13-37BB-4E38-8611-BC5F65BCA665}.MonoGame|x86.ActiveCfg = Release|x86
		{B3A3CD13-37BB-4E38-8611-BC5F65BCA665}.MonoGame|x86.Build.0 = Release|x86
		{B3A3CD13-37BB-4E38-8611-BC5F65BCA665}.OpenTK|Any CPU.ActiveCfg = Release|Any CPU
		{B3A3CD13-37BB-4E38-8611-BC5F65BCA665}.OpenTK|Any CPU.Build.0 = Release|Any CPU
		{B3A3CD13-37BB-4E38-8611-BC5F65BCA665}.OpenTK|x64.ActiveCfg = Release|x64
		{B3A3CD13-37BB-4E38-8611-BC5F65BCA665}.OpenTK|x64.Build.0 = Release|x64
		{B3A3CD13-37BB-4E38-8611-BC5F65BCA665}.OpenTK|x86.ActiveCfg = Release|x86
		{B3A3CD13-37BB-4E38-8611-BC5F65BCA665}.OpenTK|x86.Build.0 = Release|x86
		{B3A3CD13-37BB-4E38-8611-BC5F65BCA665}.Release|Any CPU.ActiveCfg = Release|Any CPU
		{B3A3CD13-37BB-4E38-8611-BC5F65BCA665}.Release|Any CPU.Build.0 = Release|Any CPU
		{B3A3CD13-37BB-4E38-8611-BC5F65BCA665}.Release|x64.ActiveCfg = Release|x64
		{B3A3CD13-37BB-4E38-8611-BC5F65BCA665}.Release|x64.Build.0 = Release|x64
		{B3A3CD13-37BB-4E38-8611-BC5F65BCA665}.Release|x86.ActiveCfg = Release|x86
		{B3A3CD13-37BB-4E38-8611-BC5F65BCA665}.Release|x86.Build.0 = Release|x86
		{B3A3CD13-37BB-4E38-8611-BC5F65BCA665}.SharpDX|Any CPU.ActiveCfg = Release|Any CPU
		{B3A3CD13-37BB-4E38-8611-BC5F65BCA665}.SharpDX|Any CPU.Build.0 = Release|Any CPU
		{B3A3CD13-37BB-4E38-8611-BC5F65BCA665}.SharpDX|x64.ActiveCfg = Release|x64
		{B3A3CD13-37BB-4E38-8611-BC5F65BCA665}.SharpDX|x64.Build.0 = Release|x64
		{B3A3CD13-37BB-4E38-8611-BC5F65BCA665}.SharpDX|x86.ActiveCfg = Release|x86
		{B3A3CD13-37BB-4E38-8611-BC5F65BCA665}.SharpDX|x86.Build.0 = Release|x86
		{B3A3CD13-37BB-4E38-8611-BC5F65BCA665}.Standalone|Any CPU.ActiveCfg = Release|Any CPU
		{B3A3CD13-37BB-4E38-8611-BC5F65BCA665}.Standalone|Any CPU.Build.0 = Release|Any CPU
		{B3A3CD13-37BB-4E38-8611-BC5F65BCA665}.Standalone|x64.ActiveCfg = Release|x64
		{B3A3CD13-37BB-4E38-8611-BC5F65BCA665}.Standalone|x64.Build.0 = Release|x64
		{B3A3CD13-37BB-4E38-8611-BC5F65BCA665}.Standalone|x86.ActiveCfg = Release|x86
		{B3A3CD13-37BB-4E38-8611-BC5F65BCA665}.Standalone|x86.Build.0 = Release|x86
		{B3A3CD13-37BB-4E38-8611-BC5F65BCA665}.Unity3D|Any CPU.ActiveCfg = Release|Any CPU
		{B3A3CD13-37BB-4E38-8611-BC5F65BCA665}.Unity3D|Any CPU.Build.0 = Release|Any CPU
		{B3A3CD13-37BB-4E38-8611-BC5F65BCA665}.Unity3D|x64.ActiveCfg = Release|x64
		{B3A3CD13-37BB-4E38-8611-BC5F65BCA665}.Unity3D|x64.Build.0 = Release|x64
		{B3A3CD13-37BB-4E38-8611-BC5F65BCA665}.Unity3D|x86.ActiveCfg = Release|x86
		{B3A3CD13-37BB-4E38-8611-BC5F65BCA665}.Unity3D|x86.Build.0 = Release|x86
		{B3A3CD13-37BB-4E38-8611-BC5F65BCA665}.XNA|Any CPU.ActiveCfg = Release|Any CPU
		{B3A3CD13-37BB-4E38-8611-BC5F65BCA665}.XNA|Any CPU.Build.0 = Release|Any CPU
		{B3A3CD13-37BB-4E38-8611-BC5F65BCA665}.XNA|x64.ActiveCfg = Release|x64
		{B3A3CD13-37BB-4E38-8611-BC5F65BCA665}.XNA|x64.Build.0 = Release|x64
		{B3A3CD13-37BB-4E38-8611-BC5F65BCA665}.XNA|x86.ActiveCfg = Release|x86
		{B3A3CD13-37BB-4E38-8611-BC5F65BCA665}.XNA|x86.Build.0 = Release|x86
	EndGlobalSection
	GlobalSection(SolutionProperties) = preSolution
		HideSolutionNode = FALSE
	EndGlobalSection
EndGlobal
